// !$*UTF8*$!
{
	archiveVersion = 1;
	classes = {
	};
	objectVersion = 46;
	objects = {

/* Begin PBXBuildFile section */
		9BC681B01E32802100F7A005 /* main.m in Sources */ = {isa = PBXBuildFile; fileRef = 9BC681AF1E32802100F7A005 /* main.m */; };
		9BC681B31E32802100F7A005 /* AppDelegate.m in Sources */ = {isa = PBXBuildFile; fileRef = 9BC681B21E32802100F7A005 /* AppDelegate.m */; };
		9BC681B61E32802100F7A005 /* ViewController.m in Sources */ = {isa = PBXBuildFile; fileRef = 9BC681B51E32802100F7A005 /* ViewController.m */; };
		9BC681B91E32802100F7A005 /* Main.storyboard in Resources */ = {isa = PBXBuildFile; fileRef = 9BC681B71E32802100F7A005 /* Main.storyboard */; };
		9BC681BC1E32802100F7A005 /* LocationExample.xcdatamodeld in Sources */ = {isa = PBXBuildFile; fileRef = 9BC681BA1E32802100F7A005 /* LocationExample.xcdatamodeld */; };
		9BC681BE1E32802100F7A005 /* Assets.xcassets in Resources */ = {isa = PBXBuildFile; fileRef = 9BC681BD1E32802100F7A005 /* Assets.xcassets */; };
		9BC681C11E32802100F7A005 /* LaunchScreen.storyboard in Resources */ = {isa = PBXBuildFile; fileRef = 9BC681BF1E32802100F7A005 /* LaunchScreen.storyboard */; };
		9BC681CC1E32802100F7A005 /* LocationExampleTests.m in Sources */ = {isa = PBXBuildFile; fileRef = 9BC681CB1E32802100F7A005 /* LocationExampleTests.m */; };
		9BC681D71E32802100F7A005 /* LocationExampleUITests.m in Sources */ = {isa = PBXBuildFile; fileRef = 9BC681D61E32802100F7A005 /* LocationExampleUITests.m */; };
		9BC681E61E32804A00F7A005 /* CoreLocation.framework in Frameworks */ = {isa = PBXBuildFile; fileRef = 9BC681E51E32804A00F7A005 /* CoreLocation.framework */; };
/* End PBXBuildFile section */

/* Begin PBXContainerItemProxy section */
		9BC681C81E32802100F7A005 /* PBXContainerItemProxy */ = {
			isa = PBXContainerItemProxy;
			containerPortal = 9BC681A31E32802100F7A005 /* Project object */;
			proxyType = 1;
			remoteGlobalIDString = 9BC681AA1E32802100F7A005;
			remoteInfo = LocationExample;
		};
		9BC681D31E32802100F7A005 /* PBXContainerItemProxy */ = {
			isa = PBXContainerItemProxy;
			containerPortal = 9BC681A31E32802100F7A005 /* Project object */;
			proxyType = 1;
			remoteGlobalIDString = 9BC681AA1E32802100F7A005;
			remoteInfo = LocationExample;
		};
/* End PBXContainerItemProxy section */

/* Begin PBXFileReference section */
		9BC681AB1E32802100F7A005 /* LocationExample.app */ = {isa = PBXFileReference; explicitFileType = wrapper.application; includeInIndex = 0; path = LocationExample.app; sourceTree = BUILT_PRODUCTS_DIR; };
		9BC681AF1E32802100F7A005 /* main.m */ = {isa = PBXFileReference; lastKnownFileType = sourcecode.c.objc; path = main.m; sourceTree = "<group>"; };
		9BC681B11E32802100F7A005 /* AppDelegate.h */ = {isa = PBXFileReference; lastKnownFileType = sourcecode.c.h; path = AppDelegate.h; sourceTree = "<group>"; };
		9BC681B21E32802100F7A005 /* AppDelegate.m */ = {isa = PBXFileReference; lastKnownFileType = sourcecode.c.objc; path = AppDelegate.m; sourceTree = "<group>"; };
		9BC681B41E32802100F7A005 /* ViewController.h */ = {isa = PBXFileReference; lastKnownFileType = sourcecode.c.h; path = ViewController.h; sourceTree = "<group>"; };
		9BC681B51E32802100F7A005 /* ViewController.m */ = {isa = PBXFileReference; lastKnownFileType = sourcecode.c.objc; path = ViewController.m; sourceTree = "<group>"; };
		9BC681B81E32802100F7A005 /* Base */ = {isa = PBXFileReference; lastKnownFileType = file.storyboard; name = Base; path = Base.lproj/Main.storyboard; sourceTree = "<group>"; };
		9BC681BB1E32802100F7A005 /* LocationExample.xcdatamodel */ = {isa = PBXFileReference; lastKnownFileType = wrapper.xcdatamodel; path = LocationExample.xcdatamodel; sourceTree = "<group>"; };
		9BC681BD1E32802100F7A005 /* Assets.xcassets */ = {isa = PBXFileReference; lastKnownFileType = folder.assetcatalog; path = Assets.xcassets; sourceTree = "<group>"; };
		9BC681C01E32802100F7A005 /* Base */ = {isa = PBXFileReference; lastKnownFileType = file.storyboard; name = Base; path = Base.lproj/LaunchScreen.storyboard; sourceTree = "<group>"; };
		9BC681C21E32802100F7A005 /* Info.plist */ = {isa = PBXFileReference; lastKnownFileType = text.plist.xml; path = Info.plist; sourceTree = "<group>"; };
		9BC681C71E32802100F7A005 /* LocationExampleTests.xctest */ = {isa = PBXFileReference; explicitFileType = wrapper.cfbundle; includeInIndex = 0; path = LocationExampleTests.xctest; sourceTree = BUILT_PRODUCTS_DIR; };
		9BC681CB1E32802100F7A005 /* LocationExampleTests.m */ = {isa = PBXFileReference; lastKnownFileType = sourcecode.c.objc; path = LocationExampleTests.m; sourceTree = "<group>"; };
		9BC681CD1E32802100F7A005 /* Info.plist */ = {isa = PBXFileReference; lastKnownFileType = text.plist.xml; path = Info.plist; sourceTree = "<group>"; };
		9BC681D21E32802100F7A005 /* LocationExampleUITests.xctest */ = {isa = PBXFileReference; explicitFileType = wrapper.cfbundle; includeInIndex = 0; path = LocationExampleUITests.xctest; sourceTree = BUILT_PRODUCTS_DIR; };
		9BC681D61E32802100F7A005 /* LocationExampleUITests.m */ = {isa = PBXFileReference; lastKnownFileType = sourcecode.c.objc; path = LocationExampleUITests.m; sourceTree = "<group>"; };
		9BC681D81E32802100F7A005 /* Info.plist */ = {isa = PBXFileReference; lastKnownFileType = text.plist.xml; path = Info.plist; sourceTree = "<group>"; };
		9BC681E51E32804A00F7A005 /* CoreLocation.framework */ = {isa = PBXFileReference; lastKnownFileType = wrapper.framework; name = CoreLocation.framework; path = System/Library/Frameworks/CoreLocation.framework; sourceTree = SDKROOT; };
/* End PBXFileReference section */

/* Begin PBXFrameworksBuildPhase section */
		9BC681A81E32802100F7A005 /* Frameworks */ = {
			isa = PBXFrameworksBuildPhase;
			buildActionMask = 2147483647;
			files = (
				9BC681E61E32804A00F7A005 /* CoreLocation.framework in Frameworks */,
			);
			runOnlyForDeploymentPostprocessing = 0;
		};
		9BC681C41E32802100F7A005 /* Frameworks */ = {
			isa = PBXFrameworksBuildPhase;
			buildActionMask = 2147483647;
			files = (
			);
			runOnlyForDeploymentPostprocessing = 0;
		};
		9BC681CF1E32802100F7A005 /* Frameworks */ = {
			isa = PBXFrameworksBuildPhase;
			buildActionMask = 2147483647;
			files = (
			);
			runOnlyForDeploymentPostprocessing = 0;
		};
/* End PBXFrameworksBuildPhase section */

/* Begin PBXGroup section */
		9BC681A21E32802100F7A005 = {
			isa = PBXGroup;
			children = (
				9BC681AD1E32802100F7A005 /* LocationExample */,
				9BC681CA1E32802100F7A005 /* LocationExampleTests */,
				9BC681D51E32802100F7A005 /* LocationExampleUITests */,
				9BC681AC1E32802100F7A005 /* Products */,
				9BC681E41E32804900F7A005 /* Frameworks */,
			);
			sourceTree = "<group>";
		};
		9BC681AC1E32802100F7A005 /* Products */ = {
			isa = PBXGroup;
			children = (
				9BC681AB1E32802100F7A005 /* LocationExample.app */,
				9BC681C71E32802100F7A005 /* LocationExampleTests.xctest */,
				9BC681D21E32802100F7A005 /* LocationExampleUITests.xctest */,
			);
			name = Products;
			sourceTree = "<group>";
		};
		9BC681AD1E32802100F7A005 /* LocationExample */ = {
			isa = PBXGroup;
			children = (
				9BC681B11E32802100F7A005 /* AppDelegate.h */,
				9BC681B21E32802100F7A005 /* AppDelegate.m */,
				9BC681B41E32802100F7A005 /* ViewController.h */,
				9BC681B51E32802100F7A005 /* ViewController.m */,
				9BC681B71E32802100F7A005 /* Main.storyboard */,
				9BC681BD1E32802100F7A005 /* Assets.xcassets */,
				9BC681BF1E32802100F7A005 /* LaunchScreen.storyboard */,
				9BC681C21E32802100F7A005 /* Info.plist */,
				9BC681BA1E32802100F7A005 /* LocationExample.xcdatamodeld */,
				9BC681AE1E32802100F7A005 /* Supporting Files */,
			);
			path = LocationExample;
			sourceTree = "<group>";
		};
		9BC681AE1E32802100F7A005 /* Supporting Files */ = {
			isa = PBXGroup;
			children = (
				9BC681AF1E32802100F7A005 /* main.m */,
			);
			name = "Supporting Files";
			sourceTree = "<group>";
		};
		9BC681CA1E32802100F7A005 /* LocationExampleTests */ = {
			isa = PBXGroup;
			children = (
				9BC681CB1E32802100F7A005 /* LocationExampleTests.m */,
				9BC681CD1E32802100F7A005 /* Info.plist */,
			);
			path = LocationExampleTests;
			sourceTree = "<group>";
		};
		9BC681D51E32802100F7A005 /* LocationExampleUITests */ = {
			isa = PBXGroup;
			children = (
				9BC681D61E32802100F7A005 /* LocationExampleUITests.m */,
				9BC681D81E32802100F7A005 /* Info.plist */,
			);
			path = LocationExampleUITests;
			sourceTree = "<group>";
		};
		9BC681E41E32804900F7A005 /* Frameworks */ = {
			isa = PBXGroup;
			children = (
				9BC681E51E32804A00F7A005 /* CoreLocation.framework */,
			);
			name = Frameworks;
			sourceTree = "<group>";
		};
/* End PBXGroup section */

/* Begin PBXNativeTarget section */
		9BC681AA1E32802100F7A005 /* LocationExample */ = {
			isa = PBXNativeTarget;
			buildConfigurationList = 9BC681DB1E32802200F7A005 /* Build configuration list for PBXNativeTarget "LocationExample" */;
			buildPhases = (
				9BC681A71E32802100F7A005 /* Sources */,
				9BC681A81E32802100F7A005 /* Frameworks */,
				9BC681A91E32802100F7A005 /* Resources */,
			);
			buildRules = (
			);
			dependencies = (
			);
			name = LocationExample;
			productName = LocationExample;
			productReference = 9BC681AB1E32802100F7A005 /* LocationExample.app */;
			productType = "com.apple.product-type.application";
		};
		9BC681C61E32802100F7A005 /* LocationExampleTests */ = {
			isa = PBXNativeTarget;
			buildConfigurationList = 9BC681DE1E32802200F7A005 /* Build configuration list for PBXNativeTarget "LocationExampleTests" */;
			buildPhases = (
				9BC681C31E32802100F7A005 /* Sources */,
				9BC681C41E32802100F7A005 /* Frameworks */,
				9BC681C51E32802100F7A005 /* Resources */,
			);
			buildRules = (
			);
			dependencies = (
				9BC681C91E32802100F7A005 /* PBXTargetDependency */,
			);
			name = LocationExampleTests;
			productName = LocationExampleTests;
			productReference = 9BC681C71E32802100F7A005 /* LocationExampleTests.xctest */;
			productType = "com.apple.product-type.bundle.unit-test";
		};
		9BC681D11E32802100F7A005 /* LocationExampleUITests */ = {
			isa = PBXNativeTarget;
			buildConfigurationList = 9BC681E11E32802200F7A005 /* Build configuration list for PBXNativeTarget "LocationExampleUITests" */;
			buildPhases = (
				9BC681CE1E32802100F7A005 /* Sources */,
				9BC681CF1E32802100F7A005 /* Frameworks */,
				9BC681D01E32802100F7A005 /* Resources */,
			);
			buildRules = (
			);
			dependencies = (
				9BC681D41E32802100F7A005 /* PBXTargetDependency */,
			);
			name = LocationExampleUITests;
			productName = LocationExampleUITests;
			productReference = 9BC681D21E32802100F7A005 /* LocationExampleUITests.xctest */;
			productType = "com.apple.product-type.bundle.ui-testing";
		};
/* End PBXNativeTarget section */

/* Begin PBXProject section */
		9BC681A31E32802100F7A005 /* Project object */ = {
			isa = PBXProject;
			attributes = {
				LastUpgradeCheck = 0810;
				ORGANIZATIONNAME = "Gourav sharma";
				TargetAttributes = {
					9BC681AA1E32802100F7A005 = {
						CreatedOnToolsVersion = 8.1;
						DevelopmentTeam = R46B3RG32V;
						ProvisioningStyle = Automatic;
						SystemCapabilities = {
							com.apple.BackgroundModes = {
								enabled = 1;
							};
						};
					};
					9BC681C61E32802100F7A005 = {
						CreatedOnToolsVersion = 8.1;
						ProvisioningStyle = Automatic;
						TestTargetID = 9BC681AA1E32802100F7A005;
					};
					9BC681D11E32802100F7A005 = {
						CreatedOnToolsVersion = 8.1;
						ProvisioningStyle = Automatic;
						TestTargetID = 9BC681AA1E32802100F7A005;
					};
				};
			};
			buildConfigurationList = 9BC681A61E32802100F7A005 /* Build configuration list for PBXProject "LocationExample" */;
			compatibilityVersion = "Xcode 3.2";
			developmentRegion = English;
			hasScannedForEncodings = 0;
			knownRegions = (
				en,
				Base,
			);
			mainGroup = 9BC681A21E32802100F7A005;
			productRefGroup = 9BC681AC1E32802100F7A005 /* Products */;
			projectDirPath = "";
			projectRoot = "";
			targets = (
				9BC681AA1E32802100F7A005 /* LocationExample */,
				9BC681C61E32802100F7A005 /* LocationExampleTests */,
				9BC681D11E32802100F7A005 /* LocationExampleUITests */,
			);
		};
/* End PBXProject section */

/* Begin PBXResourcesBuildPhase section */
		9BC681A91E32802100F7A005 /* Resources */ = {
			isa = PBXResourcesBuildPhase;
			buildActionMask = 2147483647;
			files = (
				9BC681C11E32802100F7A005 /* LaunchScreen.storyboard in Resources */,
				9BC681BE1E32802100F7A005 /* Assets.xcassets in Resources */,
				9BC681B91E32802100F7A005 /* Main.storyboard in Resources */,
			);
			runOnlyForDeploymentPostprocessing = 0;
		};
		9BC681C51E32802100F7A005 /* Resources */ = {
			isa = PBXResourcesBuildPhase;
			buildActionMask = 2147483647;
			files = (
			);
			runOnlyForDeploymentPostprocessing = 0;
		};
		9BC681D01E32802100F7A005 /* Resources */ = {
			isa = PBXResourcesBuildPhase;
			buildActionMask = 2147483647;
			files = (
			);
			runOnlyForDeploymentPostprocessing = 0;
		};
/* End PBXResourcesBuildPhase section */

/* Begin PBXSourcesBuildPhase section */
		9BC681A71E32802100F7A005 /* Sources */ = {
			isa = PBXSourcesBuildPhase;
			buildActionMask = 2147483647;
			files = (
				9BC681B61E32802100F7A005 /* ViewController.m in Sources */,
				9BC681BC1E32802100F7A005 /* LocationExample.xcdatamodeld in Sources */,
				9BC681B31E32802100F7A005 /* AppDelegate.m in Sources */,
				9BC681B01E32802100F7A005 /* main.m in Sources */,
			);
			runOnlyForDeploymentPostprocessing = 0;
		};
		9BC681C31E32802100F7A005 /* Sources */ = {
			isa = PBXSourcesBuildPhase;
			buildActionMask = 2147483647;
			files = (
				9BC681CC1E32802100F7A005 /* LocationExampleTests.m in Sources */,
			);
			runOnlyForDeploymentPostprocessing = 0;
		};
		9BC681CE1E32802100F7A005 /* Sources */ = {
			isa = PBXSourcesBuildPhase;
			buildActionMask = 2147483647;
			files = (
				9BC681D71E32802100F7A005 /* LocationExampleUITests.m in Sources */,
			);
			runOnlyForDeploymentPostprocessing = 0;
		};
/* End PBXSourcesBuildPhase section */

/* Begin PBXTargetDependency section */
		9BC681C91E32802100F7A005 /* PBXTargetDependency */ = {
			isa = PBXTargetDependency;
			target = 9BC681AA1E32802100F7A005 /* LocationExample */;
			targetProxy = 9BC681C81E32802100F7A005 /* PBXContainerItemProxy */;
		};
		9BC681D41E32802100F7A005 /* PBXTargetDependency */ = {
			isa = PBXTargetDependency;
			target = 9BC681AA1E32802100F7A005 /* LocationExample */;
			targetProxy = 9BC681D31E32802100F7A005 /* PBXContainerItemProxy */;
		};
/* End PBXTargetDependency section */

/* Begin PBXVariantGroup section */
		9BC681B71E32802100F7A005 /* Main.storyboard */ = {
			isa = PBXVariantGroup;
			children = (
				9BC681B81E32802100F7A005 /* Base */,
			);
			name = Main.storyboard;
			sourceTree = "<group>";
		};
		9BC681BF1E32802100F7A005 /* LaunchScreen.storyboard */ = {
			isa = PBXVariantGroup;
			children = (
				9BC681C01E32802100F7A005 /* Base */,
			);
			name = LaunchScreen.storyboard;
			sourceTree = "<group>";
		};
/* End PBXVariantGroup section */

/* Begin XCBuildConfiguration section */
		9BC681D91E32802200F7A005 /* Debug */ = {
			isa = XCBuildConfiguration;
			buildSettings = {
				ALWAYS_SEARCH_USER_PATHS = NO;
				CLANG_ANALYZER_NONNULL = YES;
				CLANG_CXX_LANGUAGE_STANDARD = "gnu++0x";
				CLANG_CXX_LIBRARY = "libc++";
				CLANG_ENABLE_MODULES = YES;
				CLANG_ENABLE_OBJC_ARC = YES;
				CLANG_WARN_BOOL_CONVERSION = YES;
				CLANG_WARN_CONSTANT_CONVERSION = YES;
				CLANG_WARN_DIRECT_OBJC_ISA_USAGE = YES_ERROR;
				CLANG_WARN_DOCUMENTATION_COMMENTS = YES;
				CLANG_WARN_EMPTY_BODY = YES;
				CLANG_WARN_ENUM_CONVERSION = YES;
				CLANG_WARN_INFINITE_RECURSION = YES;
				CLANG_WARN_INT_CONVERSION = YES;
				CLANG_WARN_OBJC_ROOT_CLASS = YES_ERROR;
				CLANG_WARN_SUSPICIOUS_MOVES = YES;
				CLANG_WARN_UNREACHABLE_CODE = YES;
				CLANG_WARN__DUPLICATE_METHOD_MATCH = YES;
				"CODE_SIGN_IDENTITY[sdk=iphoneos*]" = "iPhone Developer";
				COPY_PHASE_STRIP = NO;
				DEBUG_INFORMATION_FORMAT = dwarf;
				ENABLE_STRICT_OBJC_MSGSEND = YES;
				ENABLE_TESTABILITY = YES;
				GCC_C_LANGUAGE_STANDARD = gnu99;
				GCC_DYNAMIC_NO_PIC = NO;
				GCC_NO_COMMON_BLOCKS = YES;
				GCC_OPTIMIZATION_LEVEL = 0;
				GCC_PREPROCESSOR_DEFINITIONS = (
					"DEBUG=1",
					"$(inherited)",
				);
				GCC_WARN_64_TO_32_BIT_CONVERSION = YES;
				GCC_WARN_ABOUT_RETURN_TYPE = YES_ERROR;
				GCC_WARN_UNDECLARED_SELECTOR = YES;
				GCC_WARN_UNINITIALIZED_AUTOS = YES_AGGRESSIVE;
				GCC_WARN_UNUSED_FUNCTION = YES;
				GCC_WARN_UNUSED_VARIABLE = YES;
				IPHONEOS_DEPLOYMENT_TARGET = 10.1;
				MTL_ENABLE_DEBUG_INFO = YES;
				ONLY_ACTIVE_ARCH = YES;
				SDKROOT = iphoneos;
				TARGETED_DEVICE_FAMILY = "1,2";
			};
			name = Debug;
		};
		9BC681DA1E32802200F7A005 /* Release */ = {
			isa = XCBuildConfiguration;
			buildSettings = {
				ALWAYS_SEARCH_USER_PATHS = NO;
				CLANG_ANALYZER_NONNULL = YES;
				CLANG_CXX_LANGUAGE_STANDARD = "gnu++0x";
				CLANG_CXX_LIBRARY = "libc++";
				CLANG_ENABLE_MODULES = YES;
				CLANG_ENABLE_OBJC_ARC = YES;
				CLANG_WARN_BOOL_CONVERSION = YES;
				CLANG_WARN_CONSTANT_CONVERSION = YES;
				CLANG_WARN_DIRECT_OBJC_ISA_USAGE = YES_ERROR;
				CLANG_WARN_DOCUMENTATION_COMMENTS = YES;
				CLANG_WARN_EMPTY_BODY = YES;
				CLANG_WARN_ENUM_CONVERSION = YES;
				CLANG_WARN_INFINITE_RECURSION = YES;
				CLANG_WARN_INT_CONVERSION = YES;
				CLANG_WARN_OBJC_ROOT_CLASS = YES_ERROR;
				CLANG_WARN_SUSPICIOUS_MOVES = YES;
				CLANG_WARN_UNREACHABLE_CODE = YES;
				CLANG_WARN__DUPLICATE_METHOD_MATCH = YES;
				"CODE_SIGN_IDENTITY[sdk=iphoneos*]" = "iPhone Developer";
				COPY_PHASE_STRIP = NO;
				DEBUG_INFORMATION_FORMAT = "dwarf-with-dsym";
				ENABLE_NS_ASSERTIONS = NO;
				ENABLE_STRICT_OBJC_MSGSEND = YES;
				GCC_C_LANGUAGE_STANDARD = gnu99;
				GCC_NO_COMMON_BLOCKS = YES;
				GCC_WARN_64_TO_32_BIT_CONVERSION = YES;
				GCC_WARN_ABOUT_RETURN_TYPE = YES_ERROR;
				GCC_WARN_UNDECLARED_SELECTOR = YES;
				GCC_WARN_UNINITIALIZED_AUTOS = YES_AGGRESSIVE;
				GCC_WARN_UNUSED_FUNCTION = YES;
				GCC_WARN_UNUSED_VARIABLE = YES;
				IPHONEOS_DEPLOYMENT_TARGET = 10.1;
				MTL_ENABLE_DEBUG_INFO = NO;
				SDKROOT = iphoneos;
				TARGETED_DEVICE_FAMILY = "1,2";
				VALIDATE_PRODUCT = YES;
			};
			name = Release;
		};
		9BC681DC1E32802200F7A005 /* Debug */ = {
			isa = XCBuildConfiguration;
			buildSettings = {
				ASSETCATALOG_COMPILER_APPICON_NAME = AppIcon;
				CODE_SIGN_IDENTITY = "iPhone Developer";
				"CODE_SIGN_IDENTITY[sdk=iphoneos*]" = "iPhone Developer";
				DEVELOPMENT_TEAM = R46B3RG32V;
				INFOPLIST_FILE = LocationExample/Info.plist;
				IPHONEOS_DEPLOYMENT_TARGET = 9.0;
				LD_RUNPATH_SEARCH_PATHS = "$(inherited) @executable_path/Frameworks";
				PRODUCT_BUNDLE_IDENTIFIER = "My-organization.LocationExample";
				PRODUCT_NAME = "$(TARGET_NAME)";
			};
			name = Debug;
		};
		9BC681DD1E32802200F7A005 /* Release */ = {
			isa = XCBuildConfiguration;
			buildSettings = {
				ASSETCATALOG_COMPILER_APPICON_NAME = AppIcon;
				CODE_SIGN_IDENTITY = "iPhone Developer";
				"CODE_SIGN_IDENTITY[sdk=iphoneos*]" = "iPhone Developer";
				DEVELOPMENT_TEAM = R46B3RG32V;
				INFOPLIST_FILE = LocationExample/Info.plist;
				IPHONEOS_DEPLOYMENT_TARGET = 9.0;
				LD_RUNPATH_SEARCH_PATHS = "$(inherited) @executable_path/Frameworks";
				PRODUCT_BUNDLE_IDENTIFIER = "My-organization.LocationExample";
				PRODUCT_NAME = "$(TARGET_NAME)";
			};
			name = Release;
		};
		9BC681DF1E32802200F7A005 /* Debug */ = {
			isa = XCBuildConfiguration;
			buildSettings = {
				BUNDLE_LOADER = "$(TEST_HOST)";
				INFOPLIST_FILE = LocationExampleTests/Info.plist;
				LD_RUNPATH_SEARCH_PATHS = "$(inherited) @executable_path/Frameworks @loader_path/Frameworks";
				PRODUCT_BUNDLE_IDENTIFIER = "My-organization.LocationExampleTests";
				PRODUCT_NAME = "$(TARGET_NAME)";
				TEST_HOST = "$(BUILT_PRODUCTS_DIR)/LocationExample.app/LocationExample";
			};
			name = Debug;
		};
		9BC681E01E32802200F7A005 /* Release */ = {
			isa = XCBuildConfiguration;
			buildSettings = {
				BUNDLE_LOADER = "$(TEST_HOST)";
				INFOPLIST_FILE = LocationExampleTests/Info.plist;
				LD_RUNPATH_SEARCH_PATHS = "$(inherited) @executable_path/Frameworks @loader_path/Frameworks";
				PRODUCT_BUNDLE_IDENTIFIER = "My-organization.LocationExampleTests";
				PRODUCT_NAME = "$(TARGET_NAME)";
				TEST_HOST = "$(BUILT_PRODUCTS_DIR)/LocationExample.app/LocationExample";
			};
			name = Release;
		};
		9BC681E21E32802200F7A005 /* Debug */ = {
			isa = XCBuildConfiguration;
			buildSettings = {
				INFOPLIST_FILE = LocationExampleUITests/Info.plist;
				LD_RUNPATH_SEARCH_PATHS = "$(inherited) @executable_path/Frameworks @loader_path/Frameworks";
				PRODUCT_BUNDLE_IDENTIFIER = "My-organization.LocationExampleUITests";
				PRODUCT_NAME = "$(TARGET_NAME)";
				TEST_TARGET_NAME = LocationExample;
			};
			name = Debug;
		};
		9BC681E31E32802200F7A005 /* Release */ = {
			isa = XCBuildConfiguration;
			buildSettings = {
				INFOPLIST_FILE = LocationExampleUITests/Info.plist;
				LD_RUNPATH_SEARCH_PATHS = "$(inherited) @executable_path/Frameworks @loader_path/Frameworks";
				PRODUCT_BUNDLE_IDENTIFIER = "My-organization.LocationExampleUITests";
				PRODUCT_NAME = "$(TARGET_NAME)";
				TEST_TARGET_NAME = LocationExample;
			};
			name = Release;
		};
/* End XCBuildConfiguration section */

/* Begin XCConfigurationList section */
		9BC681A61E32802100F7A005 /* Build configuration list for PBXProject "LocationExample" */ = {
			isa = XCConfigurationList;
			buildConfigurations = (
				9BC681D91E32802200F7A005 /* Debug */,
				9BC681DA1E32802200F7A005 /* Release */,
			);
			defaultConfigurationIsVisible = 0;
			defaultConfigurationName = Release;
		};
		9BC681DB1E32802200F7A005 /* Build configuration list for PBXNativeTarget "LocationExample" */ = {
			isa = XCConfigurationList;
			buildConfigurations = (
				9BC681DC1E32802200F7A005 /* Debug */,
				9BC681DD1E32802200F7A005 /* Release */,
			);
			defaultConfigurationIsVisible = 0;
			defaultConfigurationName = Release;
		};
		9BC681DE1E32802200F7A005 /* Build configuration list for PBXNativeTarget "LocationExampleTests" */ = {
			isa = XCConfigurationList;
			buildConfigurations = (
				9BC681DF1E32802200F7A005 /* Debug */,
				9BC681E01E32802200F7A005 /* Release */,
			);
			defaultConfigurationIsVisible = 0;
			defaultConfigurationName = Release;
		};
		9BC681E11E32802200F7A005 /* Build configuration list for PBXNativeTarget "LocationExampleUITests" */ = {
			isa = XCConfigurationList;
			buildConfigurations = (
				9BC681E21E32802200F7A005 /* Debug */,
				9BC681E31E32802200F7A005 /* Release */,
			);
			defaultConfigurationIsVisible = 0;
			defaultConfigurationName = Release;
		};
/* End XCConfigurationList section */

/* Begin XCVersionGroup section */
		9BC681BA1E32802100F7A005 /* LocationExample.xcdatamodeld */ = {
			isa = XCVersionGroup;
			children = (
				9BC681BB1E32802100F7A005 /* LocationExample.xcdatamodel */,
			);
			currentVersion = 9BC681BB1E32802100F7A005 /* LocationExample.xcdatamodel */;
			path = LocationExample.xcdatamodeld;
			sourceTree = "<group>";
			versionGroupType = wrapper.xcdatamodel;
		};
/* End XCVersionGroup section */
	};
	rootObject = 9BC681A31E32802100F7A005 /* Project object */;
}
